
Microsoft Visual Studio Solution File, Format Version 12.00
# Visual Studio Version 16
VisualStudioVersion = 16.0.32901.82
MinimumVisualStudioVersion = 10.0.40219.1
Project("{9A19103F-16F7-4668-BE54-9A1E7A4F7556}") = "GeneralDynamics.AI", "GeneralDynamics.AI\GeneralDynamics.AI.csproj", "{40F3FEBA-3D82-4BE2-AA9C-8E85036DB7E7}"
EndProject
Project("{9A19103F-16F7-4668-BE54-9A1E7A4F7556}") = "GeneralDynamics.AI.API", "GeneralDynamics.AI.API\GeneralDynamics.AI.API.csproj", "{3B9B0FA1-10DD-43E6-AAF9-1CF28E27F1EB}"
EndProject
Project("{9A19103F-16F7-4668-BE54-9A1E7A4F7556}") = "GeneralDynamics.AI.Data", "GeneralDynamics.AI.Data\GeneralDynamics.AI.Data.csproj", "{305BB6CA-55D2-4A34-AC56-EA0E05E6C48D}"
EndProject
Project("{9A19103F-16F7-4668-BE54-9A1E7A4F7556}") = "GeneralDynamics.AI.Transversal", "GeneralDynamics.AI.Transversal\GeneralDynamics.AI.Transversal.csproj", "{52BABBC7-5B16-492C-910A-588242B41DE6}"
EndProject
Project("{9A19103F-16F7-4668-BE54-9A1E7A4F7556}") = "GeneralDynamics.AI.Application", "GeneralDynamics.AI.Application\GeneralDynamics.AI.Application.csproj", "{9F1287B7-A54C-4D8B-999B-A3FC1EED9959}"
EndProject
Project("{FAE04EC0-301F-11D3-BF4B-00C04F79EFBC}") = "GeneralDynamics.AI.Model", "GeneralDynamics.AI.Model\GeneralDynamics.AI.Model.csproj", "{FC42BE9C-5699-4801-8298-156FC8BD9A3F}"
EndProject
Global
	GlobalSection(SolutionConfigurationPlatforms) = preSolution
		Debug|Any CPU = Debug|Any CPU
		Release|Any CPU = Release|Any CPU
	EndGlobalSection
	GlobalSection(ProjectConfigurationPlatforms) = postSolution
		{40F3FEBA-3D82-4BE2-AA9C-8E85036DB7E7}.Debug|Any CPU.ActiveCfg = Debug|Any CPU
		{40F3FEBA-3D82-4BE2-AA9C-8E85036DB7E7}.Debug|Any CPU.Build.0 = Debug|Any CPU
		{40F3FEBA-3D82-4BE2-AA9C-8E85036DB7E7}.Release|Any CPU.ActiveCfg = Release|Any CPU
		{40F3FEBA-3D82-4BE2-AA9C-8E85036DB7E7}.Release|Any CPU.Build.0 = Release|Any CPU
		{3B9B0FA1-10DD-43E6-AAF9-1CF28E27F1EB}.Debug|Any CPU.ActiveCfg = Debug|Any CPU
		{3B9B0FA1-10DD-43E6-AAF9-1CF28E27F1EB}.Debug|Any CPU.Build.0 = Debug|Any CPU
		{3B9B0FA1-10DD-43E6-AAF9-1CF28E27F1EB}.Release|Any CPU.ActiveCfg = Release|Any CPU
		{3B9B0FA1-10DD-43E6-AAF9-1CF28E27F1EB}.Release|Any CPU.Build.0 = Release|Any CPU
		{305BB6CA-55D2-4A34-AC56-EA0E05E6C48D}.Debug|Any CPU.ActiveCfg = Debug|Any CPU
		{305BB6CA-55D2-4A34-AC56-EA0E05E6C48D}.Debug|Any CPU.Build.0 = Debug|Any CPU
		{305BB6CA-55D2-4A34-AC56-EA0E05E6C48D}.Release|Any CPU.ActiveCfg = Release|Any CPU
		{305BB6CA-55D2-4A34-AC56-EA0E05E6C48D}.Release|Any CPU.Build.0 = Release|Any CPU
		{52BABBC7-5B16-492C-910A-588242B41DE6}.Debug|Any CPU.ActiveCfg = Debug|Any CPU
		{52BABBC7-5B16-492C-910A-588242B41DE6}.Debug|Any CPU.Build.0 = Debug|Any CPU
		{52BABBC7-5B16-492C-910A-588242B41DE6}.Release|Any CPU.ActiveCfg = Release|Any CPU
		{52BABBC7-5B16-492C-910A-588242B41DE6}.Release|Any CPU.Build.0 = Release|Any CPU
		{9F1287B7-A54C-4D8B-999B-A3FC1EED9959}.Debug|Any CPU.ActiveCfg = Debug|Any CPU
		{9F1287B7-A54C-4D8B-999B-A3FC1EED9959}.Debug|Any CPU.Build.0 = Debug|Any CPU
		{9F1287B7-A54C-4D8B-999B-A3FC1EED9959}.Release|Any CPU.ActiveCfg = Release|Any CPU
		{9F1287B7-A54C-4D8B-999B-A3FC1EED9959}.Release|Any CPU.Build.0 = Release|Any CPU
		{FC42BE9C-5699-4801-8298-156FC8BD9A3F}.Debug|Any CPU.ActiveCfg = Debug|Any CPU
		{FC42BE9C-5699-4801-8298-156FC8BD9A3F}.Debug|Any CPU.Build.0 = Debug|Any CPU
		{FC42BE9C-5699-4801-8298-156FC8BD9A3F}.Release|Any CPU.ActiveCfg = Release|Any CPU
		{FC42BE9C-5699-4801-8298-156FC8BD9A3F}.Release|Any CPU.Build.0 = Release|Any CPU
	EndGlobalSection
	GlobalSection(SolutionProperties) = preSolution
		HideSolutionNode = FALSE
	EndGlobalSection
	GlobalSection(ExtensibilityGlobals) = postSolution
		SolutionGuid = {734A76F3-E9DC-4D43-827A-D420E5DBB80E}
	EndGlobalSection
EndGlobal
